// !$*UTF8*$!
{
	archiveVersion = 1;
	classes = {
	};
	objectVersion = 56;
	objects = {

/* Begin PBXFileReference section */
		790556802B2071DF00D65A0A /* VariationalAutoEncoder.py */ = {isa = PBXFileReference; lastKnownFileType = text.script.python; path = VariationalAutoEncoder.py; sourceTree = "<group>"; };
		790556812B20723600D65A0A /* STFT_VAE.py */ = {isa = PBXFileReference; lastKnownFileType = text.script.python; path = STFT_VAE.py; sourceTree = "<group>"; };
		790556822B2072C200D65A0A /* MLP_VAE.py */ = {isa = PBXFileReference; lastKnownFileType = text.script.python; path = MLP_VAE.py; sourceTree = "<group>"; };
		790556832B2073C100D65A0A /* RNN_VAE.py */ = {isa = PBXFileReference; lastKnownFileType = text.script.python; path = RNN_VAE.py; sourceTree = "<group>"; };
		790556842B20831800D65A0A /* SampleCategory.py */ = {isa = PBXFileReference; lastKnownFileType = text.script.python; path = SampleCategory.py; sourceTree = "<group>"; };
		790556852B2483BF00D65A0A /* PCA.py */ = {isa = PBXFileReference; lastKnownFileType = text.script.python; path = PCA.py; sourceTree = "<group>"; };
		7929AC2E2ADD81AA006851A3 /* AudioUtils.py */ = {isa = PBXFileReference; lastKnownFileType = text.script.python; path = AudioUtils.py; sourceTree = "<group>"; };
		7929AC2F2ADDBB84006851A3 /* MakeModels.py */ = {isa = PBXFileReference; lastKnownFileType = text.script.python; path = MakeModels.py; sourceTree = "<group>"; };
		7929AC302ADDBBB2006851A3 /* Train.py */ = {isa = PBXFileReference; lastKnownFileType = text.script.python; path = Train.py; sourceTree = "<group>"; };
		7929AC312ADDBCFF006851A3 /* MakeSTFTs.py */ = {isa = PBXFileReference; lastKnownFileType = text.script.python; path = MakeSTFTs.py; sourceTree = "<group>"; };
		7929AC322AE01445006851A3 /* Graph.py */ = {isa = PBXFileReference; lastKnownFileType = text.script.python; path = Graph.py; sourceTree = "<group>"; };
		7929AC332AE05D49006851A3 /* ModelUtils.py */ = {isa = PBXFileReference; lastKnownFileType = text.script.python; path = ModelUtils.py; sourceTree = "<group>"; };
		792DEDDB2AE584CA00DE1F74 /* Augment.py */ = {isa = PBXFileReference; lastKnownFileType = text.script.python; path = Augment.py; sourceTree = "<group>"; };
		79BC48E42AEBFD4500F9B8B9 /* Generate.py */ = {isa = PBXFileReference; lastKnownFileType = text.script.python; path = Generate.py; sourceTree = "<group>"; };
		79E291542B1896B600EF046D /* Device.py */ = {isa = PBXFileReference; lastKnownFileType = text.script.python; path = Device.py; sourceTree = "<group>"; };
		79E291552B18DE3200EF046D /* WeightedLoss.py */ = {isa = PBXFileReference; lastKnownFileType = text.script.python; path = WeightedLoss.py; sourceTree = "<group>"; };
		79E291562B18E0AA00EF046D /* Debug.py */ = {isa = PBXFileReference; lastKnownFileType = text.script.python; path = Debug.py; sourceTree = "<group>"; };
		79E291582B19190600EF046D /* HyperParameterTuning.py */ = {isa = PBXFileReference; lastKnownFileType = text.script.python; path = HyperParameterTuning.py; sourceTree = "<group>"; };
		79E291592B1BAC0100EF046D /* .gitignore */ = {isa = PBXFileReference; lastKnownFileType = text; path = .gitignore; sourceTree = "<group>"; };
		79E2915A2B1BAC5000EF046D /* MakeAndTrain.ipynb */ = {isa = PBXFileReference; lastKnownFileType = text; path = MakeAndTrain.ipynb; sourceTree = "<group>"; };
		79E2915B2B1BAC5000EF046D /* WebScrape.ipynb */ = {isa = PBXFileReference; lastKnownFileType = text; path = WebScrape.ipynb; sourceTree = "<group>"; };
		79E2915C2B1BB01400EF046D /* README.md */ = {isa = PBXFileReference; lastKnownFileType = net.daringfireball.markdown; path = README.md; sourceTree = "<group>"; };
/* End PBXFileReference section */

/* Begin PBXGroup section */
		7929AC272ADD810F006851A3 = {
			isa = PBXGroup;
			children = (
				79E291592B1BAC0100EF046D /* .gitignore */,
				7929AC2E2ADD81AA006851A3 /* AudioUtils.py */,
				792DEDDB2AE584CA00DE1F74 /* Augment.py */,
				79E291562B18E0AA00EF046D /* Debug.py */,
				79E291542B1896B600EF046D /* Device.py */,
				79BC48E42AEBFD4500F9B8B9 /* Generate.py */,
				7929AC322AE01445006851A3 /* Graph.py */,
				79E291582B19190600EF046D /* HyperParameterTuning.py */,
				79E2915A2B1BAC5000EF046D /* MakeAndTrain.ipynb */,
				7929AC2F2ADDBB84006851A3 /* MakeModels.py */,
				7929AC312ADDBCFF006851A3 /* MakeSTFTs.py */,
				790556822B2072C200D65A0A /* MLP_VAE.py */,
				790556852B2483BF00D65A0A /* PCA.py */,
				7929AC332AE05D49006851A3 /* ModelUtils.py */,
				79E2915C2B1BB01400EF046D /* README.md */,
				790556832B2073C100D65A0A /* RNN_VAE.py */,
				790556842B20831800D65A0A /* SampleCategory.py */,
				790556812B20723600D65A0A /* STFT_VAE.py */,
				7929AC302ADDBBB2006851A3 /* Train.py */,
				790556802B2071DF00D65A0A /* VariationalAutoEncoder.py */,
				79E2915B2B1BAC5000EF046D /* WebScrape.ipynb */,
				79E291552B18DE3200EF046D /* WeightedLoss.py */,
			);
			sourceTree = "<group>";
		};
/* End PBXGroup section */

/* Begin PBXProject section */
		7929AC282ADD810F006851A3 /* Project object */ = {
			isa = PBXProject;
			attributes = {
				BuildIndependentTargetsInParallel = 1;
				LastUpgradeCheck = 1500;
			};
			buildConfigurationList = 7929AC2B2ADD810F006851A3 /* Build configuration list for PBXProject "SampleGen" */;
			compatibilityVersion = "Xcode 14.0";
			developmentRegion = en;
			hasScannedForEncodings = 0;
			knownRegions = (
				en,
				Base,
			);
			mainGroup = 7929AC272ADD810F006851A3;
			projectDirPath = "";
			projectRoot = "";
			targets = (
			);
		};
/* End PBXProject section */

/* Begin XCBuildConfiguration section */
		7929AC2C2ADD810F006851A3 /* Debug */ = {
			isa = XCBuildConfiguration;
			buildSettings = {
			};
			name = Debug;
		};
		7929AC2D2ADD810F006851A3 /* Release */ = {
			isa = XCBuildConfiguration;
			buildSettings = {
			};
			name = Release;
		};
/* End XCBuildConfiguration section */

/* Begin XCConfigurationList section */
		7929AC2B2ADD810F006851A3 /* Build configuration list for PBXProject "SampleGen" */ = {
			isa = XCConfigurationList;
			buildConfigurations = (
				7929AC2C2ADD810F006851A3 /* Debug */,
				7929AC2D2ADD810F006851A3 /* Release */,
			);
			defaultConfigurationIsVisible = 0;
			defaultConfigurationName = Release;
		};
/* End XCConfigurationList section */
	};
	rootObject = 7929AC282ADD810F006851A3 /* Project object */;
}
